// !$*UTF8*$!
{
	archiveVersion = 1;
	classes = {
	};
	objectVersion = 77;
	objects = {

/* Begin PBXBuildFile section */
		DC1889D82CA39CBF007C20C2 /* PrintScaled.appex in Embed Foundation Extensions */ = {isa = PBXBuildFile; fileRef = DC1889C92CA39CBF007C20C2 /* PrintScaled.appex */; settings = {ATTRIBUTES = (RemoveHeadersOnCopy, ); }; };
		DCA7B8342CB5AA5700EB236C /* Sample.pdf in Resources */ = {isa = PBXBuildFile; fileRef = DCA7B8312CB5A96900EB236C /* Sample.pdf */; };
		DCD4B9DD2CA8A4A800A506AC /* UtiliKit in Frameworks */ = {isa = PBXBuildFile; productRef = DCD4B9DC2CA8A4A800A506AC /* UtiliKit */; };
		DCE401CB2CACD08E00A8D592 /* UtiliKit in Frameworks */ = {isa = PBXBuildFile; productRef = DCE401CA2CACD08E00A8D592 /* UtiliKit */; };
/* End PBXBuildFile section */

/* Begin PBXContainerItemProxy section */
		DC1889D62CA39CBF007C20C2 /* PBXContainerItemProxy */ = {
			isa = PBXContainerItemProxy;
			containerPortal = DC1889AC2CA39C9E007C20C2 /* Project object */;
			proxyType = 1;
			remoteGlobalIDString = DC1889C82CA39CBF007C20C2;
			remoteInfo = PrintScaled;
		};
/* End PBXContainerItemProxy section */

/* Begin PBXCopyFilesBuildPhase section */
		DC1889DD2CA39CBF007C20C2 /* Embed Foundation Extensions */ = {
			isa = PBXCopyFilesBuildPhase;
			buildActionMask = 2147483647;
			dstPath = "";
			dstSubfolderSpec = 13;
			files = (
				DC1889D82CA39CBF007C20C2 /* PrintScaled.appex in Embed Foundation Extensions */,
			);
			name = "Embed Foundation Extensions";
			runOnlyForDeploymentPostprocessing = 0;
		};
/* End PBXCopyFilesBuildPhase section */

/* Begin PBXFileReference section */
		DC1889B42CA39C9E007C20C2 /* PDF Print Scaler.app */ = {isa = PBXFileReference; explicitFileType = wrapper.application; includeInIndex = 0; path = "PDF Print Scaler.app"; sourceTree = BUILT_PRODUCTS_DIR; };
		DC1889C92CA39CBF007C20C2 /* PrintScaled.appex */ = {isa = PBXFileReference; explicitFileType = "wrapper.app-extension"; includeInIndex = 0; path = PrintScaled.appex; sourceTree = BUILT_PRODUCTS_DIR; };
		DCA7B8312CB5A96900EB236C /* Sample.pdf */ = {isa = PBXFileReference; lastKnownFileType = image.pdf; path = Sample.pdf; sourceTree = "<group>"; };
/* End PBXFileReference section */

/* Begin PBXFileSystemSynchronizedBuildFileExceptionSet section */
		DC1889D92CA39CBF007C20C2 /* Exceptions for "PrintScaled" folder in "PrintScaled" target */ = {
			isa = PBXFileSystemSynchronizedBuildFileExceptionSet;
			membershipExceptions = (
				Info.plist,
			);
			target = DC1889C82CA39CBF007C20C2 /* PrintScaled */;
		};
		DCD87A292CB5D646001FB12B /* Exceptions for "PdfPrintScaler" folder in "PdfPrintScaler" target */ = {
			isa = PBXFileSystemSynchronizedBuildFileExceptionSet;
			membershipExceptions = (
				Info.plist,
			);
			target = DC1889B32CA39C9E007C20C2 /* PdfPrintScaler */;
		};
/* End PBXFileSystemSynchronizedBuildFileExceptionSet section */

/* Begin PBXFileSystemSynchronizedRootGroup section */
		DC1889B62CA39C9E007C20C2 /* PdfPrintScaler */ = {
			isa = PBXFileSystemSynchronizedRootGroup;
			exceptions = (
				DCD87A292CB5D646001FB12B /* Exceptions for "PdfPrintScaler" folder in "PdfPrintScaler" target */,
			);
			path = PdfPrintScaler;
			sourceTree = "<group>";
		};
		DC1889CD2CA39CBF007C20C2 /* PrintScaled */ = {
			isa = PBXFileSystemSynchronizedRootGroup;
			exceptions = (
				DC1889D92CA39CBF007C20C2 /* Exceptions for "PrintScaled" folder in "PrintScaled" target */,
			);
			path = PrintScaled;
			sourceTree = "<group>";
		};
		DCE401C02CACD02600A8D592 /* Common */ = {
			isa = PBXFileSystemSynchronizedRootGroup;
			path = Common;
			sourceTree = "<group>";
		};
/* End PBXFileSystemSynchronizedRootGroup section */

/* Begin PBXFrameworksBuildPhase section */
		DC1889B12CA39C9E007C20C2 /* Frameworks */ = {
			isa = PBXFrameworksBuildPhase;
			buildActionMask = 2147483647;
			files = (
				DCD4B9DD2CA8A4A800A506AC /* UtiliKit in Frameworks */,
			);
			runOnlyForDeploymentPostprocessing = 0;
		};
		DC1889C62CA39CBF007C20C2 /* Frameworks */ = {
			isa = PBXFrameworksBuildPhase;
			buildActionMask = 2147483647;
			files = (
				DCE401CB2CACD08E00A8D592 /* UtiliKit in Frameworks */,
			);
			runOnlyForDeploymentPostprocessing = 0;
		};
/* End PBXFrameworksBuildPhase section */

/* Begin PBXGroup section */
		DC1889AB2CA39C9E007C20C2 = {
			isa = PBXGroup;
			children = (
				DCE401C02CACD02600A8D592 /* Common */,
				DC1889B62CA39C9E007C20C2 /* PdfPrintScaler */,
				DC1889CD2CA39CBF007C20C2 /* PrintScaled */,
				DC1889B52CA39C9E007C20C2 /* Products */,
				DC188A012CA3A308007C20C2 /* Resources */,
				DCE401C92CACD08E00A8D592 /* Frameworks */,
			);
			sourceTree = "<group>";
		};
		DC1889B52CA39C9E007C20C2 /* Products */ = {
			isa = PBXGroup;
			children = (
				DC1889B42CA39C9E007C20C2 /* PDF Print Scaler.app */,
				DC1889C92CA39CBF007C20C2 /* PrintScaled.appex */,
			);
			name = Products;
			sourceTree = "<group>";
		};
		DC188A012CA3A308007C20C2 /* Resources */ = {
			isa = PBXGroup;
			children = (
				DCA7B8312CB5A96900EB236C /* Sample.pdf */,
			);
			path = Resources;
			sourceTree = "<group>";
		};
		DCE401C92CACD08E00A8D592 /* Frameworks */ = {
			isa = PBXGroup;
			children = (
			);
			name = Frameworks;
			sourceTree = "<group>";
		};
/* End PBXGroup section */

/* Begin PBXNativeTarget section */
		DC1889B32CA39C9E007C20C2 /* PdfPrintScaler */ = {
			isa = PBXNativeTarget;
			buildConfigurationList = DC1889C22CA39C9F007C20C2 /* Build configuration list for PBXNativeTarget "PdfPrintScaler" */;
			buildPhases = (
				DC1889B02CA39C9E007C20C2 /* Sources */,
				DC1889B12CA39C9E007C20C2 /* Frameworks */,
				DC1889B22CA39C9E007C20C2 /* Resources */,
				DC1889DD2CA39CBF007C20C2 /* Embed Foundation Extensions */,
			);
			buildRules = (
			);
			dependencies = (
				DC1889D72CA39CBF007C20C2 /* PBXTargetDependency */,
			);
			fileSystemSynchronizedGroups = (
				DC1889B62CA39C9E007C20C2 /* PdfPrintScaler */,
				DCE401C02CACD02600A8D592 /* Common */,
			);
			name = PdfPrintScaler;
			packageProductDependencies = (
				DCD4B9DC2CA8A4A800A506AC /* UtiliKit */,
			);
			productName = PdfPrintScaler;
			productReference = DC1889B42CA39C9E007C20C2 /* PDF Print Scaler.app */;
			productType = "com.apple.product-type.application";
		};
		DC1889C82CA39CBF007C20C2 /* PrintScaled */ = {
			isa = PBXNativeTarget;
			buildConfigurationList = DC1889DA2CA39CBF007C20C2 /* Build configuration list for PBXNativeTarget "PrintScaled" */;
			buildPhases = (
				DC1889C52CA39CBF007C20C2 /* Sources */,
				DC1889C62CA39CBF007C20C2 /* Frameworks */,
				DC1889C72CA39CBF007C20C2 /* Resources */,
			);
			buildRules = (
			);
			dependencies = (
			);
			fileSystemSynchronizedGroups = (
				DC1889CD2CA39CBF007C20C2 /* PrintScaled */,
				DCE401C02CACD02600A8D592 /* Common */,
			);
			name = PrintScaled;
			packageProductDependencies = (
				DCE401CA2CACD08E00A8D592 /* UtiliKit */,
			);
			productName = PrintScaled;
			productReference = DC1889C92CA39CBF007C20C2 /* PrintScaled.appex */;
			productType = "com.apple.product-type.app-extension";
		};
/* End PBXNativeTarget section */

/* Begin PBXProject section */
		DC1889AC2CA39C9E007C20C2 /* Project object */ = {
			isa = PBXProject;
			attributes = {
				BuildIndependentTargetsInParallel = 1;
				LastSwiftUpdateCheck = 1600;
				LastUpgradeCheck = 1600;
				TargetAttributes = {
					DC1889B32CA39C9E007C20C2 = {
						CreatedOnToolsVersion = 16.0;
					};
					DC1889C82CA39CBF007C20C2 = {
						CreatedOnToolsVersion = 16.0;
					};
				};
			};
			buildConfigurationList = DC1889AF2CA39C9E007C20C2 /* Build configuration list for PBXProject "PdfPrintScaler" */;
			developmentRegion = en;
			hasScannedForEncodings = 0;
			knownRegions = (
				en,
				Base,
			);
			mainGroup = DC1889AB2CA39C9E007C20C2;
			minimizedProjectReferenceProxies = 1;
			packageReferences = (
				DCD4B9DB2CA8A4A800A506AC /* XCRemoteSwiftPackageReference "UtiliKit" */,
			);
			preferredProjectObjectVersion = 77;
			productRefGroup = DC1889B52CA39C9E007C20C2 /* Products */;
			projectDirPath = "";
			projectRoot = "";
			targets = (
				DC1889B32CA39C9E007C20C2 /* PdfPrintScaler */,
				DC1889C82CA39CBF007C20C2 /* PrintScaled */,
			);
		};
/* End PBXProject section */

/* Begin PBXResourcesBuildPhase section */
		DC1889B22CA39C9E007C20C2 /* Resources */ = {
			isa = PBXResourcesBuildPhase;
			buildActionMask = 2147483647;
			files = (
				DCA7B8342CB5AA5700EB236C /* Sample.pdf in Resources */,
			);
			runOnlyForDeploymentPostprocessing = 0;
		};
		DC1889C72CA39CBF007C20C2 /* Resources */ = {
			isa = PBXResourcesBuildPhase;
			buildActionMask = 2147483647;
			files = (
			);
			runOnlyForDeploymentPostprocessing = 0;
		};
/* End PBXResourcesBuildPhase section */

/* Begin PBXSourcesBuildPhase section */
		DC1889B02CA39C9E007C20C2 /* Sources */ = {
			isa = PBXSourcesBuildPhase;
			buildActionMask = 2147483647;
			files = (
			);
			runOnlyForDeploymentPostprocessing = 0;
		};
		DC1889C52CA39CBF007C20C2 /* Sources */ = {
			isa = PBXSourcesBuildPhase;
			buildActionMask = 2147483647;
			files = (
			);
			runOnlyForDeploymentPostprocessing = 0;
		};
/* End PBXSourcesBuildPhase section */

/* Begin PBXTargetDependency section */
		DC1889D72CA39CBF007C20C2 /* PBXTargetDependency */ = {
			isa = PBXTargetDependency;
			target = DC1889C82CA39CBF007C20C2 /* PrintScaled */;
			targetProxy = DC1889D62CA39CBF007C20C2 /* PBXContainerItemProxy */;
		};
/* End PBXTargetDependency section */

/* Begin XCBuildConfiguration section */
		DC1889C02CA39C9F007C20C2 /* Debug */ = {
			isa = XCBuildConfiguration;
			buildSettings = {
				ALWAYS_SEARCH_USER_PATHS = NO;
				ASSETCATALOG_COMPILER_GENERATE_SWIFT_ASSET_SYMBOL_EXTENSIONS = YES;
				CLANG_ANALYZER_NONNULL = YES;
				CLANG_ANALYZER_NUMBER_OBJECT_CONVERSION = YES_AGGRESSIVE;
				CLANG_CXX_LANGUAGE_STANDARD = "gnu++20";
				CLANG_ENABLE_MODULES = YES;
				CLANG_ENABLE_OBJC_ARC = YES;
				CLANG_ENABLE_OBJC_WEAK = YES;
				CLANG_WARN_BLOCK_CAPTURE_AUTORELEASING = YES;
				CLANG_WARN_BOOL_CONVERSION = YES;
				CLANG_WARN_COMMA = YES;
				CLANG_WARN_CONSTANT_CONVERSION = YES;
				CLANG_WARN_DEPRECATED_OBJC_IMPLEMENTATIONS = YES;
				CLANG_WARN_DIRECT_OBJC_ISA_USAGE = YES_ERROR;
				CLANG_WARN_DOCUMENTATION_COMMENTS = YES;
				CLANG_WARN_EMPTY_BODY = YES;
				CLANG_WARN_ENUM_CONVERSION = YES;
				CLANG_WARN_INFINITE_RECURSION = YES;
				CLANG_WARN_INT_CONVERSION = YES;
				CLANG_WARN_NON_LITERAL_NULL_CONVERSION = YES;
				CLANG_WARN_OBJC_IMPLICIT_RETAIN_SELF = YES;
				CLANG_WARN_OBJC_LITERAL_CONVERSION = YES;
				CLANG_WARN_OBJC_ROOT_CLASS = YES_ERROR;
				CLANG_WARN_QUOTED_INCLUDE_IN_FRAMEWORK_HEADER = YES;
				CLANG_WARN_RANGE_LOOP_ANALYSIS = YES;
				CLANG_WARN_STRICT_PROTOTYPES = YES;
				CLANG_WARN_SUSPICIOUS_MOVE = YES;
				CLANG_WARN_UNGUARDED_AVAILABILITY = YES_AGGRESSIVE;
				CLANG_WARN_UNREACHABLE_CODE = YES;
				CLANG_WARN__DUPLICATE_METHOD_MATCH = YES;
				COPY_PHASE_STRIP = NO;
				DEBUG_INFORMATION_FORMAT = dwarf;
				ENABLE_STRICT_OBJC_MSGSEND = YES;
				ENABLE_TESTABILITY = YES;
				ENABLE_USER_SCRIPT_SANDBOXING = YES;
				GCC_C_LANGUAGE_STANDARD = gnu17;
				GCC_DYNAMIC_NO_PIC = NO;
				GCC_NO_COMMON_BLOCKS = YES;
				GCC_OPTIMIZATION_LEVEL = 0;
				GCC_PREPROCESSOR_DEFINITIONS = (
					"DEBUG=1",
					"$(inherited)",
				);
				GCC_WARN_64_TO_32_BIT_CONVERSION = YES;
				GCC_WARN_ABOUT_RETURN_TYPE = YES_ERROR;
				GCC_WARN_UNDECLARED_SELECTOR = YES;
				GCC_WARN_UNINITIALIZED_AUTOS = YES_AGGRESSIVE;
				GCC_WARN_UNUSED_FUNCTION = YES;
				GCC_WARN_UNUSED_VARIABLE = YES;
				IPHONEOS_DEPLOYMENT_TARGET = 18.0;
				LOCALIZATION_PREFERS_STRING_CATALOGS = YES;
				MTL_ENABLE_DEBUG_INFO = INCLUDE_SOURCE;
				MTL_FAST_MATH = YES;
				ONLY_ACTIVE_ARCH = YES;
				SDKROOT = iphoneos;
				SWIFT_ACTIVE_COMPILATION_CONDITIONS = "DEBUG $(inherited)";
				SWIFT_OPTIMIZATION_LEVEL = "-Onone";
				SWIFT_VERSION = 6.0;
			};
			name = Debug;
		};
		DC1889C12CA39C9F007C20C2 /* Release */ = {
			isa = XCBuildConfiguration;
			buildSettings = {
				ALWAYS_SEARCH_USER_PATHS = NO;
				ASSETCATALOG_COMPILER_GENERATE_SWIFT_ASSET_SYMBOL_EXTENSIONS = YES;
				CLANG_ANALYZER_NONNULL = YES;
				CLANG_ANALYZER_NUMBER_OBJECT_CONVERSION = YES_AGGRESSIVE;
				CLANG_CXX_LANGUAGE_STANDARD = "gnu++20";
				CLANG_ENABLE_MODULES = YES;
				CLANG_ENABLE_OBJC_ARC = YES;
				CLANG_ENABLE_OBJC_WEAK = YES;
				CLANG_WARN_BLOCK_CAPTURE_AUTORELEASING = YES;
				CLANG_WARN_BOOL_CONVERSION = YES;
				CLANG_WARN_COMMA = YES;
				CLANG_WARN_CONSTANT_CONVERSION = YES;
				CLANG_WARN_DEPRECATED_OBJC_IMPLEMENTATIONS = YES;
				CLANG_WARN_DIRECT_OBJC_ISA_USAGE = YES_ERROR;
				CLANG_WARN_DOCUMENTATION_COMMENTS = YES;
				CLANG_WARN_EMPTY_BODY = YES;
				CLANG_WARN_ENUM_CONVERSION = YES;
				CLANG_WARN_INFINITE_RECURSION = YES;
				CLANG_WARN_INT_CONVERSION = YES;
				CLANG_WARN_NON_LITERAL_NULL_CONVERSION = YES;
				CLANG_WARN_OBJC_IMPLICIT_RETAIN_SELF = YES;
				CLANG_WARN_OBJC_LITERAL_CONVERSION = YES;
				CLANG_WARN_OBJC_ROOT_CLASS = YES_ERROR;
				CLANG_WARN_QUOTED_INCLUDE_IN_FRAMEWORK_HEADER = YES;
				CLANG_WARN_RANGE_LOOP_ANALYSIS = YES;
				CLANG_WARN_STRICT_PROTOTYPES = YES;
				CLANG_WARN_SUSPICIOUS_MOVE = YES;
				CLANG_WARN_UNGUARDED_AVAILABILITY = YES_AGGRESSIVE;
				CLANG_WARN_UNREACHABLE_CODE = YES;
				CLANG_WARN__DUPLICATE_METHOD_MATCH = YES;
				COPY_PHASE_STRIP = NO;
				DEBUG_INFORMATION_FORMAT = "dwarf-with-dsym";
				ENABLE_NS_ASSERTIONS = NO;
				ENABLE_STRICT_OBJC_MSGSEND = YES;
				ENABLE_USER_SCRIPT_SANDBOXING = YES;
				GCC_C_LANGUAGE_STANDARD = gnu17;
				GCC_NO_COMMON_BLOCKS = YES;
				GCC_WARN_64_TO_32_BIT_CONVERSION = YES;
				GCC_WARN_ABOUT_RETURN_TYPE = YES_ERROR;
				GCC_WARN_UNDECLARED_SELECTOR = YES;
				GCC_WARN_UNINITIALIZED_AUTOS = YES_AGGRESSIVE;
				GCC_WARN_UNUSED_FUNCTION = YES;
				GCC_WARN_UNUSED_VARIABLE = YES;
				IPHONEOS_DEPLOYMENT_TARGET = 18.0;
				LOCALIZATION_PREFERS_STRING_CATALOGS = YES;
				MTL_ENABLE_DEBUG_INFO = NO;
				MTL_FAST_MATH = YES;
				SDKROOT = iphoneos;
				SWIFT_COMPILATION_MODE = wholemodule;
				SWIFT_VERSION = 6.0;
				VALIDATE_PRODUCT = YES;
			};
			name = Release;
		};
		DC1889C32CA39C9F007C20C2 /* Debug */ = {
			isa = XCBuildConfiguration;
			buildSettings = {
				ASSETCATALOG_COMPILER_APPICON_NAME = AppIcon;
				ASSETCATALOG_COMPILER_GLOBAL_ACCENT_COLOR_NAME = AccentColor;
				CODE_SIGN_STYLE = Automatic;
				CURRENT_PROJECT_VERSION = 1;
				DEVELOPMENT_ASSET_PATHS = Resources/Sample.pdf;
				DEVELOPMENT_TEAM = 6X2P4HJBQW;
				ENABLE_PREVIEWS = YES;
				GENERATE_INFOPLIST_FILE = YES;
				INFOPLIST_FILE = PdfPrintScaler/Info.plist;
				INFOPLIST_KEY_CFBundleDisplayName = "PDF Scaler";
				INFOPLIST_KEY_LSApplicationCategoryType = "public.app-category.utilities";
				INFOPLIST_KEY_UIApplicationSceneManifest_Generation = YES;
				INFOPLIST_KEY_UIApplicationSupportsIndirectInputEvents = YES;
				INFOPLIST_KEY_UISupportedInterfaceOrientations_iPad = "UIInterfaceOrientationPortrait UIInterfaceOrientationPortraitUpsideDown UIInterfaceOrientationLandscapeLeft UIInterfaceOrientationLandscapeRight";
				INFOPLIST_KEY_UISupportedInterfaceOrientations_iPhone = "UIInterfaceOrientationPortrait UIInterfaceOrientationLandscapeLeft UIInterfaceOrientationLandscapeRight";
				LD_RUNPATH_SEARCH_PATHS = (
					"$(inherited)",
					"@executable_path/Frameworks",
				);
				MARKETING_VERSION = 1.0.0;
				PRODUCT_BUNDLE_IDENTIFIER = com.stephenbensley.PdfPrintScaler;
				PRODUCT_NAME = "PDF Print Scaler";
				SWIFT_EMIT_LOC_STRINGS = YES;
				TARGETED_DEVICE_FAMILY = "1,2";
			};
			name = Debug;
		};
		DC1889C42CA39C9F007C20C2 /* Release */ = {
			isa = XCBuildConfiguration;
			buildSettings = {
				ASSETCATALOG_COMPILER_APPICON_NAME = AppIcon;
				ASSETCATALOG_COMPILER_GLOBAL_ACCENT_COLOR_NAME = AccentColor;
				CODE_SIGN_STYLE = Automatic;
				CURRENT_PROJECT_VERSION = 1;
				DEVELOPMENT_ASSET_PATHS = Resources/Sample.pdf;
				DEVELOPMENT_TEAM = 6X2P4HJBQW;
				ENABLE_PREVIEWS = YES;
				GENERATE_INFOPLIST_FILE = YES;
				INFOPLIST_FILE = PdfPrintScaler/Info.plist;
				INFOPLIST_KEY_CFBundleDisplayName = "PDF Scaler";
				INFOPLIST_KEY_LSApplicationCategoryType = "public.app-category.utilities";
				INFOPLIST_KEY_UIApplicationSceneManifest_Generation = YES;
				INFOPLIST_KEY_UIApplicationSupportsIndirectInputEvents = YES;
				INFOPLIST_KEY_UISupportedInterfaceOrientations_iPad = "UIInterfaceOrientationPortrait UIInterfaceOrientationPortraitUpsideDown UIInterfaceOrientationLandscapeLeft UIInterfaceOrientationLandscapeRight";
				INFOPLIST_KEY_UISupportedInterfaceOrientations_iPhone = "UIInterfaceOrientationPortrait UIInterfaceOrientationLandscapeLeft UIInterfaceOrientationLandscapeRight";
				LD_RUNPATH_SEARCH_PATHS = (
					"$(inherited)",
					"@executable_path/Frameworks",
				);
				MARKETING_VERSION = 1.0.0;
				PRODUCT_BUNDLE_IDENTIFIER = com.stephenbensley.PdfPrintScaler;
				PRODUCT_NAME = "PDF Print Scaler";
				SWIFT_EMIT_LOC_STRINGS = YES;
				TARGETED_DEVICE_FAMILY = "1,2";
			};
			name = Release;
		};
		DC1889DB2CA39CBF007C20C2 /* Debug */ = {
			isa = XCBuildConfiguration;
			buildSettings = {
				ASSETCATALOG_COMPILER_APPICON_NAME = ActionIcon;
				CODE_SIGN_STYLE = Automatic;
				CURRENT_PROJECT_VERSION = 1;
				DEVELOPMENT_TEAM = 6X2P4HJBQW;
				GENERATE_INFOPLIST_FILE = YES;
				INFOPLIST_FILE = PrintScaled/Info.plist;
				INFOPLIST_KEY_CFBundleDisplayName = "Print Scaled";
				INFOPLIST_KEY_NSHumanReadableCopyright = "";
				LD_RUNPATH_SEARCH_PATHS = (
					"$(inherited)",
					"@executable_path/Frameworks",
					"@executable_path/../../Frameworks",
				);
				MARKETING_VERSION = 1.0.0;
				PRODUCT_BUNDLE_IDENTIFIER = com.stephenbensley.PdfPrintScaler.PrintScaled;
				PRODUCT_NAME = "$(TARGET_NAME)";
				SKIP_INSTALL = YES;
				SWIFT_EMIT_LOC_STRINGS = YES;
				TARGETED_DEVICE_FAMILY = "1,2";
			};
			name = Debug;
		};
		DC1889DC2CA39CBF007C20C2 /* Release */ = {
			isa = XCBuildConfiguration;
			buildSettings = {
				ASSETCATALOG_COMPILER_APPICON_NAME = ActionIcon;
				CODE_SIGN_STYLE = Automatic;
				CURRENT_PROJECT_VERSION = 1;
				DEVELOPMENT_TEAM = 6X2P4HJBQW;
				GENERATE_INFOPLIST_FILE = YES;
				INFOPLIST_FILE = PrintScaled/Info.plist;
				INFOPLIST_KEY_CFBundleDisplayName = "Print Scaled";
				INFOPLIST_KEY_NSHumanReadableCopyright = "";
				LD_RUNPATH_SEARCH_PATHS = (
					"$(inherited)",
					"@executable_path/Frameworks",
					"@executable_path/../../Frameworks",
				);
				MARKETING_VERSION = 1.0.0;
				PRODUCT_BUNDLE_IDENTIFIER = com.stephenbensley.PdfPrintScaler.PrintScaled;
				PRODUCT_NAME = "$(TARGET_NAME)";
				SKIP_INSTALL = YES;
				SWIFT_EMIT_LOC_STRINGS = YES;
				TARGETED_DEVICE_FAMILY = "1,2";
			};
			name = Release;
		};
/* End XCBuildConfiguration section */

/* Begin XCConfigurationList section */
		DC1889AF2CA39C9E007C20C2 /* Build configuration list for PBXProject "PdfPrintScaler" */ = {
			isa = XCConfigurationList;
			buildConfigurations = (
				DC1889C02CA39C9F007C20C2 /* Debug */,
				DC1889C12CA39C9F007C20C2 /* Release */,
			);
			defaultConfigurationIsVisible = 0;
			defaultConfigurationName = Release;
		};
		DC1889C22CA39C9F007C20C2 /* Build configuration list for PBXNativeTarget "PdfPrintScaler" */ = {
			isa = XCConfigurationList;
			buildConfigurations = (
				DC1889C32CA39C9F007C20C2 /* Debug */,
				DC1889C42CA39C9F007C20C2 /* Release */,
			);
			defaultConfigurationIsVisible = 0;
			defaultConfigurationName = Release;
		};
		DC1889DA2CA39CBF007C20C2 /* Build configuration list for PBXNativeTarget "PrintScaled" */ = {
			isa = XCConfigurationList;
			buildConfigurations = (
				DC1889DB2CA39CBF007C20C2 /* Debug */,
				DC1889DC2CA39CBF007C20C2 /* Release */,
			);
			defaultConfigurationIsVisible = 0;
			defaultConfigurationName = Release;
		};
/* End XCConfigurationList section */

/* Begin XCRemoteSwiftPackageReference section */
		DCD4B9DB2CA8A4A800A506AC /* XCRemoteSwiftPackageReference "UtiliKit" */ = {
			isa = XCRemoteSwiftPackageReference;
			repositoryURL = "https://github.com/stephenbensley/UtiliKit";
			requirement = {
				branch = main;
				kind = branch;
			};
		};
/* End XCRemoteSwiftPackageReference section */

/* Begin XCSwiftPackageProductDependency section */
		DCD4B9DC2CA8A4A800A506AC /* UtiliKit */ = {
			isa = XCSwiftPackageProductDependency;
			package = DCD4B9DB2CA8A4A800A506AC /* XCRemoteSwiftPackageReference "UtiliKit" */;
			productName = UtiliKit;
		};
		DCE401CA2CACD08E00A8D592 /* UtiliKit */ = {
			isa = XCSwiftPackageProductDependency;
			package = DCD4B9DB2CA8A4A800A506AC /* XCRemoteSwiftPackageReference "UtiliKit" */;
			productName = UtiliKit;
		};
/* End XCSwiftPackageProductDependency section */
	};
	rootObject = DC1889AC2CA39C9E007C20C2 /* Project object */;
}
